
Microsoft Visual Studio Solution File, Format Version 12.00
# Visual Studio Version 16
VisualStudioVersion = 16.0.29709.97
MinimumVisualStudioVersion = 10.0.40219.1
Project("{FAE04EC0-301F-11D3-BF4B-00C04F79EFBC}") = "Exercício", "Exercício\Exercício.csproj", "{F8704A1B-ACF6-462C-BA88-F9747D3C5583}"
EndProject
Global
	GlobalSection(SolutionConfigurationPlatforms) = preSolution
		Debug|Any CPU = Debug|Any CPU
		Release|Any CPU = Release|Any CPU
	EndGlobalSection
	GlobalSection(ProjectConfigurationPlatforms) = postSolution
		{F8704A1B-ACF6-462C-BA88-F9747D3C5583}.Debug|Any CPU.ActiveCfg = Debug|Any CPU
		{F8704A1B-ACF6-462C-BA88-F9747D3C5583}.Debug|Any CPU.Build.0 = Debug|Any CPU
		{F8704A1B-ACF6-462C-BA88-F9747D3C5583}.Release|Any CPU.ActiveCfg = Release|Any CPU
		{F8704A1B-ACF6-462C-BA88-F9747D3C5583}.Release|Any CPU.Build.0 = Release|Any CPU
	EndGlobalSection
	GlobalSection(SolutionProperties) = preSolution
		HideSolutionNode = FALSE
	EndGlobalSection
	GlobalSection(ExtensibilityGlobals) = postSolution
		SolutionGuid = {6E0CAD0A-B4ED-40B1-BC97-54C6ABD916FE}
	EndGlobalSection
EndGlobal
